
Microsoft Visual Studio Solution File, Format Version 12.00
# Visual Studio Version 16
VisualStudioVersion = 16.0.29519.181
MinimumVisualStudioVersion = 10.0.40219.1
Project("{FAE04EC0-301F-11D3-BF4B-00C04F79EFBC}") = "ItineraryBackend", "ItineraryBackend\ItineraryBackend.csproj", "{C1D033E2-0E7F-47AF-A09A-D048B0716789}"
EndProject
Global
	GlobalSection(SolutionConfigurationPlatforms) = preSolution
		Debug|Any CPU = Debug|Any CPU
		Release|Any CPU = Release|Any CPU
	EndGlobalSection
	GlobalSection(ProjectConfigurationPlatforms) = postSolution
		{C1D033E2-0E7F-47AF-A09A-D048B0716789}.Debug|Any CPU.ActiveCfg = Debug|Any CPU
		{C1D033E2-0E7F-47AF-A09A-D048B0716789}.Debug|Any CPU.Build.0 = Debug|Any CPU
		{C1D033E2-0E7F-47AF-A09A-D048B0716789}.Release|Any CPU.ActiveCfg = Release|Any CPU
		{C1D033E2-0E7F-47AF-A09A-D048B0716789}.Release|Any CPU.Build.0 = Release|Any CPU
	EndGlobalSection
	GlobalSection(SolutionProperties) = preSolution
		HideSolutionNode = FALSE
	EndGlobalSection
	GlobalSection(ExtensibilityGlobals) = postSolution
		SolutionGuid = {638E15B1-5C88-4E9B-B765-66059BE85C51}
	EndGlobalSection
EndGlobal
